
Microsoft Visual Studio Solution File, Format Version 12.00
# Visual Studio Version 17
VisualStudioVersion = 17.7.34221.43
MinimumVisualStudioVersion = 10.0.40219.1
Project("{8BC9CEB8-8B4A-11D0-8D11-00A0C91BC942}") = "AnotherPointers", "AnotherPointers.vcxproj", "{3AF2ADE3-4477-4DCC-BDD4-6CE859DC68D6}"
EndProject
Global
	GlobalSection(SolutionConfigurationPlatforms) = preSolution
		Debug|x64 = Debug|x64
		Debug|x86 = Debug|x86
		Release|x64 = Release|x64
		Release|x86 = Release|x86
	EndGlobalSection
	GlobalSection(ProjectConfigurationPlatforms) = postSolution
		{3AF2ADE3-4477-4DCC-BDD4-6CE859DC68D6}.Debug|x64.ActiveCfg = Debug|x64
		{3AF2ADE3-4477-4DCC-BDD4-6CE859DC68D6}.Debug|x64.Build.0 = Debug|x64
		{3AF2ADE3-4477-4DCC-BDD4-6CE859DC68D6}.Debug|x86.ActiveCfg = Debug|Win32
		{3AF2ADE3-4477-4DCC-BDD4-6CE859DC68D6}.Debug|x86.Build.0 = Debug|Win32
		{3AF2ADE3-4477-4DCC-BDD4-6CE859DC68D6}.Release|x64.ActiveCfg = Release|x64
		{3AF2ADE3-4477-4DCC-BDD4-6CE859DC68D6}.Release|x64.Build.0 = Release|x64
		{3AF2ADE3-4477-4DCC-BDD4-6CE859DC68D6}.Release|x86.ActiveCfg = Release|Win32
		{3AF2ADE3-4477-4DCC-BDD4-6CE859DC68D6}.Release|x86.Build.0 = Release|Win32
	EndGlobalSection
	GlobalSection(SolutionProperties) = preSolution
		HideSolutionNode = FALSE
	EndGlobalSection
	GlobalSection(ExtensibilityGlobals) = postSolution
		SolutionGuid = {70A7B5F8-2A20-4A84-ACB5-42EADA589A24}
	EndGlobalSection
EndGlobal
