
Microsoft Visual Studio Solution File, Format Version 12.00
# Visual Studio Version 17
VisualStudioVersion = 17.7.34221.43
MinimumVisualStudioVersion = 10.0.40219.1
Project("{8BC9CEB8-8B4A-11D0-8D11-00A0C91BC942}") = "RectangleShape", "RectangleShape.vcxproj", "{EEC65D34-45AA-4206-90C3-CD912AA2FB07}"
EndProject
Global
	GlobalSection(SolutionConfigurationPlatforms) = preSolution
		Debug|x64 = Debug|x64
		Debug|x86 = Debug|x86
		Release|x64 = Release|x64
		Release|x86 = Release|x86
	EndGlobalSection
	GlobalSection(ProjectConfigurationPlatforms) = postSolution
		{EEC65D34-45AA-4206-90C3-CD912AA2FB07}.Debug|x64.ActiveCfg = Debug|x64
		{EEC65D34-45AA-4206-90C3-CD912AA2FB07}.Debug|x64.Build.0 = Debug|x64
		{EEC65D34-45AA-4206-90C3-CD912AA2FB07}.Debug|x86.ActiveCfg = Debug|Win32
		{EEC65D34-45AA-4206-90C3-CD912AA2FB07}.Debug|x86.Build.0 = Debug|Win32
		{EEC65D34-45AA-4206-90C3-CD912AA2FB07}.Release|x64.ActiveCfg = Release|x64
		{EEC65D34-45AA-4206-90C3-CD912AA2FB07}.Release|x64.Build.0 = Release|x64
		{EEC65D34-45AA-4206-90C3-CD912AA2FB07}.Release|x86.ActiveCfg = Release|Win32
		{EEC65D34-45AA-4206-90C3-CD912AA2FB07}.Release|x86.Build.0 = Release|Win32
	EndGlobalSection
	GlobalSection(SolutionProperties) = preSolution
		HideSolutionNode = FALSE
	EndGlobalSection
	GlobalSection(ExtensibilityGlobals) = postSolution
		SolutionGuid = {37CD4BC4-EA03-431B-9535-DEE2582FD7B5}
	EndGlobalSection
EndGlobal
